Microsoft Visual Studio Solution File, Format Version 11.00
# Visual Studio 2008

Project("{E6FCE565-A0EA-5BC4-BCED-24ED1AA955C8}") = "GAMEDEV_Friendzone-master", "Assembly-CSharp.csproj", "{95E5F03A-8166-FB79-8478-EE02F7FD00A9}"
EndProject
Global
	GlobalSection(SolutionConfigurationPlatforms) = preSolution
		Debug|Any CPU = Debug|Any CPU
		Release|Any CPU = Release|Any CPU
	EndGlobalSection
	GlobalSection(ProjectConfigurationPlatforms) = postSolution
		{95E5F03A-8166-FB79-8478-EE02F7FD00A9}.Debug|Any CPU.ActiveCfg = Debug|Any CPU
		{95E5F03A-8166-FB79-8478-EE02F7FD00A9}.Debug|Any CPU.Build.0 = Debug|Any CPU
		{95E5F03A-8166-FB79-8478-EE02F7FD00A9}.Release|Any CPU.ActiveCfg = Release|Any CPU
		{95E5F03A-8166-FB79-8478-EE02F7FD00A9}.Release|Any CPU.Build.0 = Release|Any CPU
	EndGlobalSection
	GlobalSection(SolutionProperties) = preSolution
		HideSolutionNode = FALSE
	EndGlobalSection
	GlobalSection(MonoDevelopProperties) = preSolution
		StartupItem = Assembly-CSharp.csproj
	EndGlobalSection
EndGlobal
