Microsoft Visual Studio Solution File, Format Version 11.00
# Visual Studio 2008

Project("{154BF47E-F95D-AE4B-D4DA-A81B031DB21B}") = "GAMEDEV_Friendzone", "Assembly-CSharp.csproj", "{3101D93F-AEF8-A427-849E-5FF205A19ADF}"
EndProject
Global
	GlobalSection(SolutionConfigurationPlatforms) = preSolution
		Debug|Any CPU = Debug|Any CPU
		Release|Any CPU = Release|Any CPU
	EndGlobalSection
	GlobalSection(ProjectConfigurationPlatforms) = postSolution
		{3101D93F-AEF8-A427-849E-5FF205A19ADF}.Debug|Any CPU.ActiveCfg = Debug|Any CPU
		{3101D93F-AEF8-A427-849E-5FF205A19ADF}.Debug|Any CPU.Build.0 = Debug|Any CPU
		{3101D93F-AEF8-A427-849E-5FF205A19ADF}.Release|Any CPU.ActiveCfg = Release|Any CPU
		{3101D93F-AEF8-A427-849E-5FF205A19ADF}.Release|Any CPU.Build.0 = Release|Any CPU
	EndGlobalSection
	GlobalSection(SolutionProperties) = preSolution
		HideSolutionNode = FALSE
	EndGlobalSection
	GlobalSection(MonoDevelopProperties) = preSolution
		StartupItem = Assembly-CSharp.csproj
	EndGlobalSection
EndGlobal
